
Microsoft Visual Studio Solution File, Format Version 12.00
# Visual Studio 15
VisualStudioVersion = 15.0.28307.421
MinimumVisualStudioVersion = 10.0.40219.1
Project("{FAE04EC0-301F-11D3-BF4B-00C04F79EFBC}") = "Monolitycznie", "Monolitycznie\Monolitycznie.csproj", "{11AF01CC-21E3-4005-93F3-CD6AF397B488}"
EndProject
Project("{FAE04EC0-301F-11D3-BF4B-00C04F79EFBC}") = "proceduralnie", "proceduralnie\proceduralnie.csproj", "{6C91C956-AC6B-4758-973E-FE9F53A6121B}"
EndProject
Project("{FAE04EC0-301F-11D3-BF4B-00C04F79EFBC}") = "GraLib", "GraLib\GraLib.csproj", "{B30B5AE3-0E79-4ECC-B32F-CA38E83F2D6F}"
EndProject
Project("{FAE04EC0-301F-11D3-BF4B-00C04F79EFBC}") = "ConsoleAppGra", "ConsoleAppGra\ConsoleAppGra.csproj", "{FB12B417-5E0D-4D94-8EF2-165ED26C7102}"
EndProject
Project("{FAE04EC0-301F-11D3-BF4B-00C04F79EFBC}") = "GraGUI", "GraGUI\GraGUI.csproj", "{A9EA528B-BD78-43F2-B196-7FBA44854209}"
EndProject
Global
	GlobalSection(SolutionConfigurationPlatforms) = preSolution
		Debug|Any CPU = Debug|Any CPU
		Release|Any CPU = Release|Any CPU
	EndGlobalSection
	GlobalSection(ProjectConfigurationPlatforms) = postSolution
		{11AF01CC-21E3-4005-93F3-CD6AF397B488}.Debug|Any CPU.ActiveCfg = Debug|Any CPU
		{11AF01CC-21E3-4005-93F3-CD6AF397B488}.Debug|Any CPU.Build.0 = Debug|Any CPU
		{11AF01CC-21E3-4005-93F3-CD6AF397B488}.Release|Any CPU.ActiveCfg = Release|Any CPU
		{11AF01CC-21E3-4005-93F3-CD6AF397B488}.Release|Any CPU.Build.0 = Release|Any CPU
		{6C91C956-AC6B-4758-973E-FE9F53A6121B}.Debug|Any CPU.ActiveCfg = Debug|Any CPU
		{6C91C956-AC6B-4758-973E-FE9F53A6121B}.Debug|Any CPU.Build.0 = Debug|Any CPU
		{6C91C956-AC6B-4758-973E-FE9F53A6121B}.Release|Any CPU.ActiveCfg = Release|Any CPU
		{6C91C956-AC6B-4758-973E-FE9F53A6121B}.Release|Any CPU.Build.0 = Release|Any CPU
		{B30B5AE3-0E79-4ECC-B32F-CA38E83F2D6F}.Debug|Any CPU.ActiveCfg = Debug|Any CPU
		{B30B5AE3-0E79-4ECC-B32F-CA38E83F2D6F}.Debug|Any CPU.Build.0 = Debug|Any CPU
		{B30B5AE3-0E79-4ECC-B32F-CA38E83F2D6F}.Release|Any CPU.ActiveCfg = Release|Any CPU
		{B30B5AE3-0E79-4ECC-B32F-CA38E83F2D6F}.Release|Any CPU.Build.0 = Release|Any CPU
		{FB12B417-5E0D-4D94-8EF2-165ED26C7102}.Debug|Any CPU.ActiveCfg = Debug|Any CPU
		{FB12B417-5E0D-4D94-8EF2-165ED26C7102}.Debug|Any CPU.Build.0 = Debug|Any CPU
		{FB12B417-5E0D-4D94-8EF2-165ED26C7102}.Release|Any CPU.ActiveCfg = Release|Any CPU
		{FB12B417-5E0D-4D94-8EF2-165ED26C7102}.Release|Any CPU.Build.0 = Release|Any CPU
		{A9EA528B-BD78-43F2-B196-7FBA44854209}.Debug|Any CPU.ActiveCfg = Debug|Any CPU
		{A9EA528B-BD78-43F2-B196-7FBA44854209}.Debug|Any CPU.Build.0 = Debug|Any CPU
		{A9EA528B-BD78-43F2-B196-7FBA44854209}.Release|Any CPU.ActiveCfg = Release|Any CPU
		{A9EA528B-BD78-43F2-B196-7FBA44854209}.Release|Any CPU.Build.0 = Release|Any CPU
	EndGlobalSection
	GlobalSection(SolutionProperties) = preSolution
		HideSolutionNode = FALSE
	EndGlobalSection
	GlobalSection(ExtensibilityGlobals) = postSolution
		SolutionGuid = {D1F34F2B-B6AC-4B29-8656-BA6EDEA86429}
	EndGlobalSection
EndGlobal
